
Microsoft Visual Studio Solution File, Format Version 12.00
# Visual Studio Version 17
VisualStudioVersion = 17.1.32210.238
MinimumVisualStudioVersion = 10.0.40219.1
Project("{8BC9CEB8-8B4A-11D0-8D11-00A0C91BC942}") = "Wordle Assingnment", "Wordle Assingnment\Wordle Assingnment.vcxproj", "{B28E71AE-4305-46D6-B1C8-EA98A4A9D543}"
EndProject
Global
	GlobalSection(SolutionConfigurationPlatforms) = preSolution
		Debug|x64 = Debug|x64
		Debug|x86 = Debug|x86
		Release|x64 = Release|x64
		Release|x86 = Release|x86
	EndGlobalSection
	GlobalSection(ProjectConfigurationPlatforms) = postSolution
		{B28E71AE-4305-46D6-B1C8-EA98A4A9D543}.Debug|x64.ActiveCfg = Debug|x64
		{B28E71AE-4305-46D6-B1C8-EA98A4A9D543}.Debug|x64.Build.0 = Debug|x64
		{B28E71AE-4305-46D6-B1C8-EA98A4A9D543}.Debug|x86.ActiveCfg = Debug|Win32
		{B28E71AE-4305-46D6-B1C8-EA98A4A9D543}.Debug|x86.Build.0 = Debug|Win32
		{B28E71AE-4305-46D6-B1C8-EA98A4A9D543}.Release|x64.ActiveCfg = Release|x64
		{B28E71AE-4305-46D6-B1C8-EA98A4A9D543}.Release|x64.Build.0 = Release|x64
		{B28E71AE-4305-46D6-B1C8-EA98A4A9D543}.Release|x86.ActiveCfg = Release|Win32
		{B28E71AE-4305-46D6-B1C8-EA98A4A9D543}.Release|x86.Build.0 = Release|Win32
	EndGlobalSection
	GlobalSection(SolutionProperties) = preSolution
		HideSolutionNode = FALSE
	EndGlobalSection
	GlobalSection(ExtensibilityGlobals) = postSolution
		SolutionGuid = {5E716727-4579-4692-BE88-772D1B373E97}
	EndGlobalSection
EndGlobal
